
Microsoft Visual Studio Solution File, Format Version 12.00
# Visual Studio Version 17
VisualStudioVersion = 17.4.33110.190
MinimumVisualStudioVersion = 10.0.40219.1
Project("{FAE04EC0-301F-11D3-BF4B-00C04F79EFBC}") = "WPF_Calculator", "WPF_Calculator.csproj", "{EDCDEE7C-5922-4686-BBFC-964E1734DDE8}"
EndProject
Global
	GlobalSection(SolutionConfigurationPlatforms) = preSolution
		Debug|Any CPU = Debug|Any CPU
		Release|Any CPU = Release|Any CPU
	EndGlobalSection
	GlobalSection(ProjectConfigurationPlatforms) = postSolution
		{EDCDEE7C-5922-4686-BBFC-964E1734DDE8}.Debug|Any CPU.ActiveCfg = Debug|Any CPU
		{EDCDEE7C-5922-4686-BBFC-964E1734DDE8}.Debug|Any CPU.Build.0 = Debug|Any CPU
		{EDCDEE7C-5922-4686-BBFC-964E1734DDE8}.Release|Any CPU.ActiveCfg = Release|Any CPU
		{EDCDEE7C-5922-4686-BBFC-964E1734DDE8}.Release|Any CPU.Build.0 = Release|Any CPU
	EndGlobalSection
	GlobalSection(SolutionProperties) = preSolution
		HideSolutionNode = FALSE
	EndGlobalSection
	GlobalSection(ExtensibilityGlobals) = postSolution
		SolutionGuid = {FBD3DC2B-EFC3-4A5E-81F5-929F767D0DCF}
	EndGlobalSection
EndGlobal
